
Microsoft Visual Studio Solution File, Format Version 12.00
# Visual Studio 15
VisualStudioVersion = 15.0.25920.0
MinimumVisualStudioVersion = 10.0.40219.1
Project("{FAE04EC0-301F-11D3-BF4B-00C04F79EFBC}") = "2016-12-08 TicTacToe", "2016-12-08 Крестики-нолики\2016-12-08 TicTacToe.csproj", "{42E45057-D7EA-410A-9915-792C3396F5CD}"
EndProject
Global
	GlobalSection(SolutionConfigurationPlatforms) = preSolution
		Debug|Any CPU = Debug|Any CPU
		Release|Any CPU = Release|Any CPU
	EndGlobalSection
	GlobalSection(ProjectConfigurationPlatforms) = postSolution
		{42E45057-D7EA-410A-9915-792C3396F5CD}.Debug|Any CPU.ActiveCfg = Debug|Any CPU
		{42E45057-D7EA-410A-9915-792C3396F5CD}.Debug|Any CPU.Build.0 = Debug|Any CPU
		{42E45057-D7EA-410A-9915-792C3396F5CD}.Release|Any CPU.ActiveCfg = Release|Any CPU
		{42E45057-D7EA-410A-9915-792C3396F5CD}.Release|Any CPU.Build.0 = Release|Any CPU
	EndGlobalSection
	GlobalSection(SolutionProperties) = preSolution
		HideSolutionNode = FALSE
	EndGlobalSection
EndGlobal
